
Microsoft Visual Studio Solution File, Format Version 12.00
# Visual Studio Version 17
VisualStudioVersion = 17.12.35209.166
MinimumVisualStudioVersion = 10.0.40219.1
Project("{FAE04EC0-301F-11D3-BF4B-00C04F79EFBC}") = "EasyLogger", "EasyLogger.csproj", "{3726CEE1-8C5E-427C-83E7-285CBE415489}"
EndProject
Project("{FAE04EC0-301F-11D3-BF4B-00C04F79EFBC}") = "Logger", "Logger\Logger.csproj", "{5924B925-014C-4136-8CA6-C3CB83103F3D}"
EndProject
Global
	GlobalSection(SolutionConfigurationPlatforms) = preSolution
		Debug|Any CPU = Debug|Any CPU
		Release|Any CPU = Release|Any CPU
	EndGlobalSection
	GlobalSection(ProjectConfigurationPlatforms) = postSolution
		{3726CEE1-8C5E-427C-83E7-285CBE415489}.Debug|Any CPU.ActiveCfg = Debug|Any CPU
		{3726CEE1-8C5E-427C-83E7-285CBE415489}.Debug|Any CPU.Build.0 = Debug|Any CPU
		{3726CEE1-8C5E-427C-83E7-285CBE415489}.Release|Any CPU.ActiveCfg = Release|Any CPU
		{3726CEE1-8C5E-427C-83E7-285CBE415489}.Release|Any CPU.Build.0 = Release|Any CPU
		{5924B925-014C-4136-8CA6-C3CB83103F3D}.Debug|Any CPU.ActiveCfg = Debug|Any CPU
		{5924B925-014C-4136-8CA6-C3CB83103F3D}.Debug|Any CPU.Build.0 = Debug|Any CPU
		{5924B925-014C-4136-8CA6-C3CB83103F3D}.Release|Any CPU.ActiveCfg = Release|Any CPU
		{5924B925-014C-4136-8CA6-C3CB83103F3D}.Release|Any CPU.Build.0 = Release|Any CPU
	EndGlobalSection
	GlobalSection(SolutionProperties) = preSolution
		HideSolutionNode = FALSE
	EndGlobalSection
	GlobalSection(ExtensibilityGlobals) = postSolution
		SolutionGuid = {0147B4C3-C17C-4F61-BB29-BDC2D04DE6AD}
	EndGlobalSection
EndGlobal
